// !$*UTF8*$!
{
	archiveVersion = 1;
	classes = {
	};
	objectVersion = 50;
	objects = {

/* Begin PBXBuildFile section */
		7404AE6A268D5908003CD1A1 /* TodayViewCell.swift in Sources */ = {isa = PBXBuildFile; fileRef = 7404AE69268D5908003CD1A1 /* TodayViewCell.swift */; };
		7404AE6C2690DD93003CD1A1 /* AppFullScreenController.swift in Sources */ = {isa = PBXBuildFile; fileRef = 7404AE6B2690DD93003CD1A1 /* AppFullScreenController.swift */; };
		7404AE6E2690E0FF003CD1A1 /* AppFullScreenCell.swift in Sources */ = {isa = PBXBuildFile; fileRef = 7404AE6D2690E0FF003CD1A1 /* AppFullScreenCell.swift */; };
		74060F86266BBE9B005553DE /* APIService.swift in Sources */ = {isa = PBXBuildFile; fileRef = 74060F85266BBE9B005553DE /* APIService.swift */; };
		74060F88266BC529005553DE /* ImageCacheService.swift in Sources */ = {isa = PBXBuildFile; fileRef = 74060F87266BC529005553DE /* ImageCacheService.swift */; };
		7412DB9F266A659C005F426E /* AppDelegate.swift in Sources */ = {isa = PBXBuildFile; fileRef = 7412DB9E266A659C005F426E /* AppDelegate.swift */; };
		7412DBA1266A659C005F426E /* SceneDelegate.swift in Sources */ = {isa = PBXBuildFile; fileRef = 7412DBA0266A659C005F426E /* SceneDelegate.swift */; };
		7412DBA3266A659C005F426E /* BaseTabBarController.swift in Sources */ = {isa = PBXBuildFile; fileRef = 7412DBA2266A659C005F426E /* BaseTabBarController.swift */; };
		7412DBA6266A659C005F426E /* Main.storyboard in Resources */ = {isa = PBXBuildFile; fileRef = 7412DBA4266A659C005F426E /* Main.storyboard */; };
		7412DBA8266A659D005F426E /* Assets.xcassets in Resources */ = {isa = PBXBuildFile; fileRef = 7412DBA7266A659D005F426E /* Assets.xcassets */; };
		7412DBAB266A659D005F426E /* LaunchScreen.storyboard in Resources */ = {isa = PBXBuildFile; fileRef = 7412DBA9266A659D005F426E /* LaunchScreen.storyboard */; };
		7412DBB3266A73FA005F426E /* TodayViewController.swift in Sources */ = {isa = PBXBuildFile; fileRef = 7412DBB2266A73FA005F426E /* TodayViewController.swift */; };
		7412DBB5266A7406005F426E /* SearchViewController.swift in Sources */ = {isa = PBXBuildFile; fileRef = 7412DBB4266A7406005F426E /* SearchViewController.swift */; };
		7412DBB7266A7411005F426E /* AppsViewController.swift in Sources */ = {isa = PBXBuildFile; fileRef = 7412DBB6266A7411005F426E /* AppsViewController.swift */; };
		7412DBBB266A7EEC005F426E /* SearchResultCell.swift in Sources */ = {isa = PBXBuildFile; fileRef = 7412DBBA266A7EEC005F426E /* SearchResultCell.swift */; };
		7412DBC1266A9869005F426E /* AppSearchModel.swift in Sources */ = {isa = PBXBuildFile; fileRef = 7412DBC0266A9869005F426E /* AppSearchModel.swift */; };
		741F05AB2670633B00851ECC /* AppRowCell.swift in Sources */ = {isa = PBXBuildFile; fileRef = 741F05AA2670633B00851ECC /* AppRowCell.swift */; };
		743771872670FB7E0064F26A /* AppsPageHeader.swift in Sources */ = {isa = PBXBuildFile; fileRef = 743771862670FB7E0064F26A /* AppsPageHeader.swift */; };
		743771892670FE980064F26A /* AppsHeaderHorizontalController.swift in Sources */ = {isa = PBXBuildFile; fileRef = 743771882670FE980064F26A /* AppsHeaderHorizontalController.swift */; };
		7437718B267100660064F26A /* AppHeaderCell.swift in Sources */ = {isa = PBXBuildFile; fileRef = 7437718A267100660064F26A /* AppHeaderCell.swift */; };
		7441CEDF2687717300A3619E /* AppDetailsViewController.swift in Sources */ = {isa = PBXBuildFile; fileRef = 7441CEDE2687717300A3619E /* AppDetailsViewController.swift */; };
		7441CEE2268783B600A3619E /* AppDetailsCell.swift in Sources */ = {isa = PBXBuildFile; fileRef = 7441CEE1268783B600A3619E /* AppDetailsCell.swift */; };
		7441CEE4268A9EED00A3619E /* AppScreenshotsCell.swift in Sources */ = {isa = PBXBuildFile; fileRef = 7441CEE3268A9EED00A3619E /* AppScreenshotsCell.swift */; };
		7441CEE7268AA0C900A3619E /* AppScreenshotsController.swift in Sources */ = {isa = PBXBuildFile; fileRef = 7441CEE6268AA0C900A3619E /* AppScreenshotsController.swift */; };
		7441CEE9268AA21800A3619E /* ScreenshotCell.swift in Sources */ = {isa = PBXBuildFile; fileRef = 7441CEE8268AA21800A3619E /* ScreenshotCell.swift */; };
		7441CEEB268AAAA400A3619E /* AppReviewsCell.swift in Sources */ = {isa = PBXBuildFile; fileRef = 7441CEEA268AAAA400A3619E /* AppReviewsCell.swift */; };
		7441CEED268AAB5600A3619E /* AppReviewsController.swift in Sources */ = {isa = PBXBuildFile; fileRef = 7441CEEC268AAB5600A3619E /* AppReviewsController.swift */; };
		7441CEEF268AABF300A3619E /* ReviewCell.swift in Sources */ = {isa = PBXBuildFile; fileRef = 7441CEEE268AABF300A3619E /* ReviewCell.swift */; };
		7446BC9B266D66FE0026CFAF /* BaseCollectionViewController.swift in Sources */ = {isa = PBXBuildFile; fileRef = 7446BC9A266D66FE0026CFAF /* BaseCollectionViewController.swift */; };
		7446BCA0266D68AC0026CFAF /* AppsGroupCell.swift in Sources */ = {isa = PBXBuildFile; fileRef = 7446BC9F266D68AC0026CFAF /* AppsGroupCell.swift */; };
		7446BCA2266D6E580026CFAF /* AppsHorizontalController.swift in Sources */ = {isa = PBXBuildFile; fileRef = 7446BCA1266D6E580026CFAF /* AppsHorizontalController.swift */; };
		7462D4B6267E50AA007A009F /* AppsHeader.swift in Sources */ = {isa = PBXBuildFile; fileRef = 7462D4B5267E50AA007A009F /* AppsHeader.swift */; };
		747D6F49269E38E3009E0F83 /* TodayCellModel.swift in Sources */ = {isa = PBXBuildFile; fileRef = 747D6F48269E38E3009E0F83 /* TodayCellModel.swift */; };
		74817147269FA71D00650752 /* TodayMultipleAppsCell.swift in Sources */ = {isa = PBXBuildFile; fileRef = 74817146269FA71D00650752 /* TodayMultipleAppsCell.swift */; };
		74817149269FAF6A00650752 /* TodayMultipleAppsController.swift in Sources */ = {isa = PBXBuildFile; fileRef = 74817148269FAF6A00650752 /* TodayMultipleAppsController.swift */; };
		7481714B269FB0A800650752 /* TodayAppCell.swift in Sources */ = {isa = PBXBuildFile; fileRef = 7481714A269FB0A800650752 /* TodayAppCell.swift */; };
		749F11F4268D16D7003603E4 /* AppReviewsModel.swift in Sources */ = {isa = PBXBuildFile; fileRef = 749F11F3268D16D7003603E4 /* AppReviewsModel.swift */; };
		74BB0B2F269E159300D1666A /* AppFullScreenHeaderCell.swift in Sources */ = {isa = PBXBuildFile; fileRef = 74BB0B2E269E159300D1666A /* AppFullScreenHeaderCell.swift */; };
		74C0643F267311FB00FA99D2 /* AppSectionModel.swift in Sources */ = {isa = PBXBuildFile; fileRef = 74C0643E267311FB00FA99D2 /* AppSectionModel.swift */; };
		74C9A822267E7DEA00DD0D3E /* HorizontalSnappingController.swift in Sources */ = {isa = PBXBuildFile; fileRef = 74C9A821267E7DEA00DD0D3E /* HorizontalSnappingController.swift */; };
/* End PBXBuildFile section */

/* Begin PBXFileReference section */
		7404AE69268D5908003CD1A1 /* TodayViewCell.swift */ = {isa = PBXFileReference; lastKnownFileType = sourcecode.swift; path = TodayViewCell.swift; sourceTree = "<group>"; };
		7404AE6B2690DD93003CD1A1 /* AppFullScreenController.swift */ = {isa = PBXFileReference; lastKnownFileType = sourcecode.swift; path = AppFullScreenController.swift; sourceTree = "<group>"; };
		7404AE6D2690E0FF003CD1A1 /* AppFullScreenCell.swift */ = {isa = PBXFileReference; lastKnownFileType = sourcecode.swift; path = AppFullScreenCell.swift; sourceTree = "<group>"; };
		74060F85266BBE9B005553DE /* APIService.swift */ = {isa = PBXFileReference; lastKnownFileType = sourcecode.swift; path = APIService.swift; sourceTree = "<group>"; };
		74060F87266BC529005553DE /* ImageCacheService.swift */ = {isa = PBXFileReference; lastKnownFileType = sourcecode.swift; path = ImageCacheService.swift; sourceTree = "<group>"; };
		7412DB9B266A659C005F426E /* AppStore-Clone.app */ = {isa = PBXFileReference; explicitFileType = wrapper.application; includeInIndex = 0; path = "AppStore-Clone.app"; sourceTree = BUILT_PRODUCTS_DIR; };
		7412DB9E266A659C005F426E /* AppDelegate.swift */ = {isa = PBXFileReference; lastKnownFileType = sourcecode.swift; path = AppDelegate.swift; sourceTree = "<group>"; };
		7412DBA0266A659C005F426E /* SceneDelegate.swift */ = {isa = PBXFileReference; lastKnownFileType = sourcecode.swift; path = SceneDelegate.swift; sourceTree = "<group>"; };
		7412DBA2266A659C005F426E /* BaseTabBarController.swift */ = {isa = PBXFileReference; lastKnownFileType = sourcecode.swift; path = BaseTabBarController.swift; sourceTree = "<group>"; };
		7412DBA5266A659C005F426E /* Base */ = {isa = PBXFileReference; lastKnownFileType = file.storyboard; name = Base; path = Base.lproj/Main.storyboard; sourceTree = "<group>"; };
		7412DBA7266A659D005F426E /* Assets.xcassets */ = {isa = PBXFileReference; lastKnownFileType = folder.assetcatalog; path = Assets.xcassets; sourceTree = "<group>"; };
		7412DBAA266A659D005F426E /* Base */ = {isa = PBXFileReference; lastKnownFileType = file.storyboard; name = Base; path = Base.lproj/LaunchScreen.storyboard; sourceTree = "<group>"; };
		7412DBAC266A659D005F426E /* Info.plist */ = {isa = PBXFileReference; lastKnownFileType = text.plist.xml; path = Info.plist; sourceTree = "<group>"; };
		7412DBB2266A73FA005F426E /* TodayViewController.swift */ = {isa = PBXFileReference; lastKnownFileType = sourcecode.swift; path = TodayViewController.swift; sourceTree = "<group>"; };
		7412DBB4266A7406005F426E /* SearchViewController.swift */ = {isa = PBXFileReference; lastKnownFileType = sourcecode.swift; path = SearchViewController.swift; sourceTree = "<group>"; };
		7412DBB6266A7411005F426E /* AppsViewController.swift */ = {isa = PBXFileReference; lastKnownFileType = sourcecode.swift; path = AppsViewController.swift; sourceTree = "<group>"; };
		7412DBBA266A7EEC005F426E /* SearchResultCell.swift */ = {isa = PBXFileReference; lastKnownFileType = sourcecode.swift; path = SearchResultCell.swift; sourceTree = "<group>"; };
		7412DBC0266A9869005F426E /* AppSearchModel.swift */ = {isa = PBXFileReference; lastKnownFileType = sourcecode.swift; path = AppSearchModel.swift; sourceTree = "<group>"; };
		741F05AA2670633B00851ECC /* AppRowCell.swift */ = {isa = PBXFileReference; lastKnownFileType = sourcecode.swift; path = AppRowCell.swift; sourceTree = "<group>"; };
		743771862670FB7E0064F26A /* AppsPageHeader.swift */ = {isa = PBXFileReference; lastKnownFileType = sourcecode.swift; path = AppsPageHeader.swift; sourceTree = "<group>"; };
		743771882670FE980064F26A /* AppsHeaderHorizontalController.swift */ = {isa = PBXFileReference; lastKnownFileType = sourcecode.swift; path = AppsHeaderHorizontalController.swift; sourceTree = "<group>"; };
		7437718A267100660064F26A /* AppHeaderCell.swift */ = {isa = PBXFileReference; lastKnownFileType = sourcecode.swift; path = AppHeaderCell.swift; sourceTree = "<group>"; };
		7441CEDE2687717300A3619E /* AppDetailsViewController.swift */ = {isa = PBXFileReference; lastKnownFileType = sourcecode.swift; path = AppDetailsViewController.swift; sourceTree = "<group>"; };
		7441CEE1268783B600A3619E /* AppDetailsCell.swift */ = {isa = PBXFileReference; lastKnownFileType = sourcecode.swift; path = AppDetailsCell.swift; sourceTree = "<group>"; };
		7441CEE3268A9EED00A3619E /* AppScreenshotsCell.swift */ = {isa = PBXFileReference; lastKnownFileType = sourcecode.swift; path = AppScreenshotsCell.swift; sourceTree = "<group>"; };
		7441CEE6268AA0C900A3619E /* AppScreenshotsController.swift */ = {isa = PBXFileReference; lastKnownFileType = sourcecode.swift; path = AppScreenshotsController.swift; sourceTree = "<group>"; };
		7441CEE8268AA21800A3619E /* ScreenshotCell.swift */ = {isa = PBXFileReference; lastKnownFileType = sourcecode.swift; path = ScreenshotCell.swift; sourceTree = "<group>"; };
		7441CEEA268AAAA400A3619E /* AppReviewsCell.swift */ = {isa = PBXFileReference; lastKnownFileType = sourcecode.swift; path = AppReviewsCell.swift; sourceTree = "<group>"; };
		7441CEEC268AAB5600A3619E /* AppReviewsController.swift */ = {isa = PBXFileReference; lastKnownFileType = sourcecode.swift; path = AppReviewsController.swift; sourceTree = "<group>"; };
		7441CEEE268AABF300A3619E /* ReviewCell.swift */ = {isa = PBXFileReference; lastKnownFileType = sourcecode.swift; path = ReviewCell.swift; sourceTree = "<group>"; };
		7446BC9A266D66FE0026CFAF /* BaseCollectionViewController.swift */ = {isa = PBXFileReference; lastKnownFileType = sourcecode.swift; path = BaseCollectionViewController.swift; sourceTree = "<group>"; };
		7446BC9F266D68AC0026CFAF /* AppsGroupCell.swift */ = {isa = PBXFileReference; lastKnownFileType = sourcecode.swift; path = AppsGroupCell.swift; sourceTree = "<group>"; };
		7446BCA1266D6E580026CFAF /* AppsHorizontalController.swift */ = {isa = PBXFileReference; lastKnownFileType = sourcecode.swift; path = AppsHorizontalController.swift; sourceTree = "<group>"; };
		7462D4B5267E50AA007A009F /* AppsHeader.swift */ = {isa = PBXFileReference; lastKnownFileType = sourcecode.swift; path = AppsHeader.swift; sourceTree = "<group>"; };
		747D6F48269E38E3009E0F83 /* TodayCellModel.swift */ = {isa = PBXFileReference; lastKnownFileType = sourcecode.swift; path = TodayCellModel.swift; sourceTree = "<group>"; };
		74817146269FA71D00650752 /* TodayMultipleAppsCell.swift */ = {isa = PBXFileReference; lastKnownFileType = sourcecode.swift; path = TodayMultipleAppsCell.swift; sourceTree = "<group>"; };
		74817148269FAF6A00650752 /* TodayMultipleAppsController.swift */ = {isa = PBXFileReference; lastKnownFileType = sourcecode.swift; path = TodayMultipleAppsController.swift; sourceTree = "<group>"; };
		7481714A269FB0A800650752 /* TodayAppCell.swift */ = {isa = PBXFileReference; lastKnownFileType = sourcecode.swift; path = TodayAppCell.swift; sourceTree = "<group>"; };
		749F11F3268D16D7003603E4 /* AppReviewsModel.swift */ = {isa = PBXFileReference; lastKnownFileType = sourcecode.swift; path = AppReviewsModel.swift; sourceTree = "<group>"; };
		74BB0B2E269E159300D1666A /* AppFullScreenHeaderCell.swift */ = {isa = PBXFileReference; lastKnownFileType = sourcecode.swift; path = AppFullScreenHeaderCell.swift; sourceTree = "<group>"; };
		74C0643E267311FB00FA99D2 /* AppSectionModel.swift */ = {isa = PBXFileReference; lastKnownFileType = sourcecode.swift; path = AppSectionModel.swift; sourceTree = "<group>"; };
		74C9A821267E7DEA00DD0D3E /* HorizontalSnappingController.swift */ = {isa = PBXFileReference; lastKnownFileType = sourcecode.swift; path = HorizontalSnappingController.swift; sourceTree = "<group>"; };
/* End PBXFileReference section */

/* Begin PBXFrameworksBuildPhase section */
		7412DB98266A659C005F426E /* Frameworks */ = {
			isa = PBXFrameworksBuildPhase;
			buildActionMask = 2147483647;
			files = (
			);
			runOnlyForDeploymentPostprocessing = 0;
		};
/* End PBXFrameworksBuildPhase section */

/* Begin PBXGroup section */
		74060F84266BBE8B005553DE /* Service */ = {
			isa = PBXGroup;
			children = (
				74060F85266BBE9B005553DE /* APIService.swift */,
				74060F87266BC529005553DE /* ImageCacheService.swift */,
			);
			path = Service;
			sourceTree = "<group>";
		};
		7412DB92266A659C005F426E = {
			isa = PBXGroup;
			children = (
				7412DB9D266A659C005F426E /* AppStore-Clone */,
				7412DB9C266A659C005F426E /* Products */,
			);
			sourceTree = "<group>";
		};
		7412DB9C266A659C005F426E /* Products */ = {
			isa = PBXGroup;
			children = (
				7412DB9B266A659C005F426E /* AppStore-Clone.app */,
			);
			name = Products;
			sourceTree = "<group>";
		};
		7412DB9D266A659C005F426E /* AppStore-Clone */ = {
			isa = PBXGroup;
			children = (
				74060F84266BBE8B005553DE /* Service */,
				7412DBB9266A7ED1005F426E /* Views */,
				7412DBBF266A9856005F426E /* Models */,
				7412DBB8266A75B8005F426E /* Controllers */,
				7412DB9E266A659C005F426E /* AppDelegate.swift */,
				7412DBA0266A659C005F426E /* SceneDelegate.swift */,
				7412DBA4266A659C005F426E /* Main.storyboard */,
				7412DBA7266A659D005F426E /* Assets.xcassets */,
				7412DBA9266A659D005F426E /* LaunchScreen.storyboard */,
				7412DBAC266A659D005F426E /* Info.plist */,
			);
			path = "AppStore-Clone";
			sourceTree = "<group>";
		};
		7412DBB8266A75B8005F426E /* Controllers */ = {
			isa = PBXGroup;
			children = (
				7441CEE5268AA0A600A3619E /* AppDetails */,
				7446BC99266D663B0026CFAF /* Today */,
				7446BC98266D66360026CFAF /* Search */,
				7446BC97266D662D0026CFAF /* Apps */,
				7412DBA2266A659C005F426E /* BaseTabBarController.swift */,
				7446BC9A266D66FE0026CFAF /* BaseCollectionViewController.swift */,
				74C9A821267E7DEA00DD0D3E /* HorizontalSnappingController.swift */,
			);
			path = Controllers;
			sourceTree = "<group>";
		};
		7412DBB9266A7ED1005F426E /* Views */ = {
			isa = PBXGroup;
			children = (
				7446BC9E266D68930026CFAF /* Today */,
				7446BC9D266D688D0026CFAF /* Search */,
				7446BC9C266D68890026CFAF /* Apps */,
			);
			path = Views;
			sourceTree = "<group>";
		};
		7412DBBF266A9856005F426E /* Models */ = {
			isa = PBXGroup;
			children = (
				7412DBC0266A9869005F426E /* AppSearchModel.swift */,
				74C0643E267311FB00FA99D2 /* AppSectionModel.swift */,
				7462D4B5267E50AA007A009F /* AppsHeader.swift */,
				749F11F3268D16D7003603E4 /* AppReviewsModel.swift */,
				747D6F48269E38E3009E0F83 /* TodayCellModel.swift */,
			);
			path = Models;
			sourceTree = "<group>";
		};
		7441CEE02687839B00A3619E /* Details */ = {
			isa = PBXGroup;
			children = (
				7441CEE1268783B600A3619E /* AppDetailsCell.swift */,
				7441CEE3268A9EED00A3619E /* AppScreenshotsCell.swift */,
				7441CEE8268AA21800A3619E /* ScreenshotCell.swift */,
				7441CEEA268AAAA400A3619E /* AppReviewsCell.swift */,
				7441CEEE268AABF300A3619E /* ReviewCell.swift */,
			);
			path = Details;
			sourceTree = "<group>";
		};
		7441CEE5268AA0A600A3619E /* AppDetails */ = {
			isa = PBXGroup;
			children = (
				7441CEDE2687717300A3619E /* AppDetailsViewController.swift */,
				7441CEE6268AA0C900A3619E /* AppScreenshotsController.swift */,
				7441CEEC268AAB5600A3619E /* AppReviewsController.swift */,
			);
			path = AppDetails;
			sourceTree = "<group>";
		};
		7446BC97266D662D0026CFAF /* Apps */ = {
			isa = PBXGroup;
			children = (
				7412DBB6266A7411005F426E /* AppsViewController.swift */,
				7446BCA1266D6E580026CFAF /* AppsHorizontalController.swift */,
				743771882670FE980064F26A /* AppsHeaderHorizontalController.swift */,
			);
			path = Apps;
			sourceTree = "<group>";
		};
		7446BC98266D66360026CFAF /* Search */ = {
			isa = PBXGroup;
			children = (
				7412DBB4266A7406005F426E /* SearchViewController.swift */,
			);
			path = Search;
			sourceTree = "<group>";
		};
		7446BC99266D663B0026CFAF /* Today */ = {
			isa = PBXGroup;
			children = (
				7412DBB2266A73FA005F426E /* TodayViewController.swift */,
				7404AE6B2690DD93003CD1A1 /* AppFullScreenController.swift */,
			);
			path = Today;
			sourceTree = "<group>";
		};
		7446BC9C266D68890026CFAF /* Apps */ = {
			isa = PBXGroup;
			children = (
				7441CEE02687839B00A3619E /* Details */,
				7446BC9F266D68AC0026CFAF /* AppsGroupCell.swift */,
				741F05AA2670633B00851ECC /* AppRowCell.swift */,
				743771862670FB7E0064F26A /* AppsPageHeader.swift */,
				7437718A267100660064F26A /* AppHeaderCell.swift */,
			);
			path = Apps;
			sourceTree = "<group>";
		};
		7446BC9D266D688D0026CFAF /* Search */ = {
			isa = PBXGroup;
			children = (
				7412DBBA266A7EEC005F426E /* SearchResultCell.swift */,
			);
			path = Search;
			sourceTree = "<group>";
		};
		7446BC9E266D68930026CFAF /* Today */ = {
			isa = PBXGroup;
			children = (
				7404AE69268D5908003CD1A1 /* TodayViewCell.swift */,
				7404AE6D2690E0FF003CD1A1 /* AppFullScreenCell.swift */,
				74BB0B2E269E159300D1666A /* AppFullScreenHeaderCell.swift */,
				74817146269FA71D00650752 /* TodayMultipleAppsCell.swift */,
				74817148269FAF6A00650752 /* TodayMultipleAppsController.swift */,
				7481714A269FB0A800650752 /* TodayAppCell.swift */,
			);
			path = Today;
			sourceTree = "<group>";
		};
/* End PBXGroup section */

/* Begin PBXNativeTarget section */
		7412DB9A266A659C005F426E /* AppStore-Clone */ = {
			isa = PBXNativeTarget;
			buildConfigurationList = 7412DBAF266A659D005F426E /* Build configuration list for PBXNativeTarget "AppStore-Clone" */;
			buildPhases = (
				7412DB97266A659C005F426E /* Sources */,
				7412DB98266A659C005F426E /* Frameworks */,
				7412DB99266A659C005F426E /* Resources */,
			);
			buildRules = (
			);
			dependencies = (
			);
			name = "AppStore-Clone";
			productName = "AppStore-Clone";
			productReference = 7412DB9B266A659C005F426E /* AppStore-Clone.app */;
			productType = "com.apple.product-type.application";
		};
/* End PBXNativeTarget section */

/* Begin PBXProject section */
		7412DB93266A659C005F426E /* Project object */ = {
			isa = PBXProject;
			attributes = {
				LastSwiftUpdateCheck = 1250;
				LastUpgradeCheck = 1250;
				TargetAttributes = {
					7412DB9A266A659C005F426E = {
						CreatedOnToolsVersion = 12.5;
					};
				};
			};
			buildConfigurationList = 7412DB96266A659C005F426E /* Build configuration list for PBXProject "AppStore-Clone" */;
			compatibilityVersion = "Xcode 9.3";
			developmentRegion = en;
			hasScannedForEncodings = 0;
			knownRegions = (
				en,
				Base,
			);
			mainGroup = 7412DB92266A659C005F426E;
			productRefGroup = 7412DB9C266A659C005F426E /* Products */;
			projectDirPath = "";
			projectRoot = "";
			targets = (
				7412DB9A266A659C005F426E /* AppStore-Clone */,
			);
		};
/* End PBXProject section */

/* Begin PBXResourcesBuildPhase section */
		7412DB99266A659C005F426E /* Resources */ = {
			isa = PBXResourcesBuildPhase;
			buildActionMask = 2147483647;
			files = (
				7412DBAB266A659D005F426E /* LaunchScreen.storyboard in Resources */,
				7412DBA8266A659D005F426E /* Assets.xcassets in Resources */,
				7412DBA6266A659C005F426E /* Main.storyboard in Resources */,
			);
			runOnlyForDeploymentPostprocessing = 0;
		};
/* End PBXResourcesBuildPhase section */

/* Begin PBXSourcesBuildPhase section */
		7412DB97266A659C005F426E /* Sources */ = {
			isa = PBXSourcesBuildPhase;
			buildActionMask = 2147483647;
			files = (
				7437718B267100660064F26A /* AppHeaderCell.swift in Sources */,
				7412DBC1266A9869005F426E /* AppSearchModel.swift in Sources */,
				7412DBBB266A7EEC005F426E /* SearchResultCell.swift in Sources */,
				7441CEE9268AA21800A3619E /* ScreenshotCell.swift in Sources */,
				743771892670FE980064F26A /* AppsHeaderHorizontalController.swift in Sources */,
				747D6F49269E38E3009E0F83 /* TodayCellModel.swift in Sources */,
				74817147269FA71D00650752 /* TodayMultipleAppsCell.swift in Sources */,
				7441CEE4268A9EED00A3619E /* AppScreenshotsCell.swift in Sources */,
				7404AE6E2690E0FF003CD1A1 /* AppFullScreenCell.swift in Sources */,
				7412DBB5266A7406005F426E /* SearchViewController.swift in Sources */,
				7441CEDF2687717300A3619E /* AppDetailsViewController.swift in Sources */,
				7404AE6A268D5908003CD1A1 /* TodayViewCell.swift in Sources */,
				7441CEE2268783B600A3619E /* AppDetailsCell.swift in Sources */,
				7412DBB3266A73FA005F426E /* TodayViewController.swift in Sources */,
				7404AE6C2690DD93003CD1A1 /* AppFullScreenController.swift in Sources */,
				74817149269FAF6A00650752 /* TodayMultipleAppsController.swift in Sources */,
				74C0643F267311FB00FA99D2 /* AppSectionModel.swift in Sources */,
				7412DBB7266A7411005F426E /* AppsViewController.swift in Sources */,
				7412DBA3266A659C005F426E /* BaseTabBarController.swift in Sources */,
				7441CEEF268AABF300A3619E /* ReviewCell.swift in Sources */,
				7446BCA0266D68AC0026CFAF /* AppsGroupCell.swift in Sources */,
				74060F86266BBE9B005553DE /* APIService.swift in Sources */,
				74BB0B2F269E159300D1666A /* AppFullScreenHeaderCell.swift in Sources */,
				7441CEEB268AAAA400A3619E /* AppReviewsCell.swift in Sources */,
				743771872670FB7E0064F26A /* AppsPageHeader.swift in Sources */,
				7441CEE7268AA0C900A3619E /* AppScreenshotsController.swift in Sources */,
				7412DB9F266A659C005F426E /* AppDelegate.swift in Sources */,
				7412DBA1266A659C005F426E /* SceneDelegate.swift in Sources */,
				749F11F4268D16D7003603E4 /* AppReviewsModel.swift in Sources */,
				7446BC9B266D66FE0026CFAF /* BaseCollectionViewController.swift in Sources */,
				7481714B269FB0A800650752 /* TodayAppCell.swift in Sources */,
				74060F88266BC529005553DE /* ImageCacheService.swift in Sources */,
				7446BCA2266D6E580026CFAF /* AppsHorizontalController.swift in Sources */,
				7462D4B6267E50AA007A009F /* AppsHeader.swift in Sources */,
				7441CEED268AAB5600A3619E /* AppReviewsController.swift in Sources */,
				741F05AB2670633B00851ECC /* AppRowCell.swift in Sources */,
				74C9A822267E7DEA00DD0D3E /* HorizontalSnappingController.swift in Sources */,
			);
			runOnlyForDeploymentPostprocessing = 0;
		};
/* End PBXSourcesBuildPhase section */

/* Begin PBXVariantGroup section */
		7412DBA4266A659C005F426E /* Main.storyboard */ = {
			isa = PBXVariantGroup;
			children = (
				7412DBA5266A659C005F426E /* Base */,
			);
			name = Main.storyboard;
			sourceTree = "<group>";
		};
		7412DBA9266A659D005F426E /* LaunchScreen.storyboard */ = {
			isa = PBXVariantGroup;
			children = (
				7412DBAA266A659D005F426E /* Base */,
			);
			name = LaunchScreen.storyboard;
			sourceTree = "<group>";
		};
/* End PBXVariantGroup section */

/* Begin XCBuildConfiguration section */
		7412DBAD266A659D005F426E /* Debug */ = {
			isa = XCBuildConfiguration;
			buildSettings = {
				ALWAYS_SEARCH_USER_PATHS = NO;
				CLANG_ANALYZER_NONNULL = YES;
				CLANG_ANALYZER_NUMBER_OBJECT_CONVERSION = YES_AGGRESSIVE;
				CLANG_CXX_LANGUAGE_STANDARD = "gnu++14";
				CLANG_CXX_LIBRARY = "libc++";
				CLANG_ENABLE_MODULES = YES;
				CLANG_ENABLE_OBJC_ARC = YES;
				CLANG_ENABLE_OBJC_WEAK = YES;
				CLANG_WARN_BLOCK_CAPTURE_AUTORELEASING = YES;
				CLANG_WARN_BOOL_CONVERSION = YES;
				CLANG_WARN_COMMA = YES;
				CLANG_WARN_CONSTANT_CONVERSION = YES;
				CLANG_WARN_DEPRECATED_OBJC_IMPLEMENTATIONS = YES;
				CLANG_WARN_DIRECT_OBJC_ISA_USAGE = YES_ERROR;
				CLANG_WARN_DOCUMENTATION_COMMENTS = YES;
				CLANG_WARN_EMPTY_BODY = YES;
				CLANG_WARN_ENUM_CONVERSION = YES;
				CLANG_WARN_INFINITE_RECURSION = YES;
				CLANG_WARN_INT_CONVERSION = YES;
				CLANG_WARN_NON_LITERAL_NULL_CONVERSION = YES;
				CLANG_WARN_OBJC_IMPLICIT_RETAIN_SELF = YES;
				CLANG_WARN_OBJC_LITERAL_CONVERSION = YES;
				CLANG_WARN_OBJC_ROOT_CLASS = YES_ERROR;
				CLANG_WARN_QUOTED_INCLUDE_IN_FRAMEWORK_HEADER = YES;
				CLANG_WARN_RANGE_LOOP_ANALYSIS = YES;
				CLANG_WARN_STRICT_PROTOTYPES = YES;
				CLANG_WARN_SUSPICIOUS_MOVE = YES;
				CLANG_WARN_UNGUARDED_AVAILABILITY = YES_AGGRESSIVE;
				CLANG_WARN_UNREACHABLE_CODE = YES;
				CLANG_WARN__DUPLICATE_METHOD_MATCH = YES;
				COPY_PHASE_STRIP = NO;
				DEBUG_INFORMATION_FORMAT = dwarf;
				ENABLE_STRICT_OBJC_MSGSEND = YES;
				ENABLE_TESTABILITY = YES;
				GCC_C_LANGUAGE_STANDARD = gnu11;
				GCC_DYNAMIC_NO_PIC = NO;
				GCC_NO_COMMON_BLOCKS = YES;
				GCC_OPTIMIZATION_LEVEL = 0;
				GCC_PREPROCESSOR_DEFINITIONS = (
					"DEBUG=1",
					"$(inherited)",
				);
				GCC_WARN_64_TO_32_BIT_CONVERSION = YES;
				GCC_WARN_ABOUT_RETURN_TYPE = YES_ERROR;
				GCC_WARN_UNDECLARED_SELECTOR = YES;
				GCC_WARN_UNINITIALIZED_AUTOS = YES_AGGRESSIVE;
				GCC_WARN_UNUSED_FUNCTION = YES;
				GCC_WARN_UNUSED_VARIABLE = YES;
				IPHONEOS_DEPLOYMENT_TARGET = 14.5;
				MTL_ENABLE_DEBUG_INFO = INCLUDE_SOURCE;
				MTL_FAST_MATH = YES;
				ONLY_ACTIVE_ARCH = YES;
				SDKROOT = iphoneos;
				SWIFT_ACTIVE_COMPILATION_CONDITIONS = DEBUG;
				SWIFT_OPTIMIZATION_LEVEL = "-Onone";
			};
			name = Debug;
		};
		7412DBAE266A659D005F426E /* Release */ = {
			isa = XCBuildConfiguration;
			buildSettings = {
				ALWAYS_SEARCH_USER_PATHS = NO;
				CLANG_ANALYZER_NONNULL = YES;
				CLANG_ANALYZER_NUMBER_OBJECT_CONVERSION = YES_AGGRESSIVE;
				CLANG_CXX_LANGUAGE_STANDARD = "gnu++14";
				CLANG_CXX_LIBRARY = "libc++";
				CLANG_ENABLE_MODULES = YES;
				CLANG_ENABLE_OBJC_ARC = YES;
				CLANG_ENABLE_OBJC_WEAK = YES;
				CLANG_WARN_BLOCK_CAPTURE_AUTORELEASING = YES;
				CLANG_WARN_BOOL_CONVERSION = YES;
				CLANG_WARN_COMMA = YES;
				CLANG_WARN_CONSTANT_CONVERSION = YES;
				CLANG_WARN_DEPRECATED_OBJC_IMPLEMENTATIONS = YES;
				CLANG_WARN_DIRECT_OBJC_ISA_USAGE = YES_ERROR;
				CLANG_WARN_DOCUMENTATION_COMMENTS = YES;
				CLANG_WARN_EMPTY_BODY = YES;
				CLANG_WARN_ENUM_CONVERSION = YES;
				CLANG_WARN_INFINITE_RECURSION = YES;
				CLANG_WARN_INT_CONVERSION = YES;
				CLANG_WARN_NON_LITERAL_NULL_CONVERSION = YES;
				CLANG_WARN_OBJC_IMPLICIT_RETAIN_SELF = YES;
				CLANG_WARN_OBJC_LITERAL_CONVERSION = YES;
				CLANG_WARN_OBJC_ROOT_CLASS = YES_ERROR;
				CLANG_WARN_QUOTED_INCLUDE_IN_FRAMEWORK_HEADER = YES;
				CLANG_WARN_RANGE_LOOP_ANALYSIS = YES;
				CLANG_WARN_STRICT_PROTOTYPES = YES;
				CLANG_WARN_SUSPICIOUS_MOVE = YES;
				CLANG_WARN_UNGUARDED_AVAILABILITY = YES_AGGRESSIVE;
				CLANG_WARN_UNREACHABLE_CODE = YES;
				CLANG_WARN__DUPLICATE_METHOD_MATCH = YES;
				COPY_PHASE_STRIP = NO;
				DEBUG_INFORMATION_FORMAT = "dwarf-with-dsym";
				ENABLE_NS_ASSERTIONS = NO;
				ENABLE_STRICT_OBJC_MSGSEND = YES;
				GCC_C_LANGUAGE_STANDARD = gnu11;
				GCC_NO_COMMON_BLOCKS = YES;
				GCC_WARN_64_TO_32_BIT_CONVERSION = YES;
				GCC_WARN_ABOUT_RETURN_TYPE = YES_ERROR;
				GCC_WARN_UNDECLARED_SELECTOR = YES;
				GCC_WARN_UNINITIALIZED_AUTOS = YES_AGGRESSIVE;
				GCC_WARN_UNUSED_FUNCTION = YES;
				GCC_WARN_UNUSED_VARIABLE = YES;
				IPHONEOS_DEPLOYMENT_TARGET = 14.5;
				MTL_ENABLE_DEBUG_INFO = NO;
				MTL_FAST_MATH = YES;
				SDKROOT = iphoneos;
				SWIFT_COMPILATION_MODE = wholemodule;
				SWIFT_OPTIMIZATION_LEVEL = "-O";
				VALIDATE_PRODUCT = YES;
			};
			name = Release;
		};
		7412DBB0266A659D005F426E /* Debug */ = {
			isa = XCBuildConfiguration;
			buildSettings = {
				ASSETCATALOG_COMPILER_APPICON_NAME = AppIcon;
				ASSETCATALOG_COMPILER_GLOBAL_ACCENT_COLOR_NAME = AccentColor;
				CODE_SIGN_STYLE = Automatic;
				DEVELOPMENT_TEAM = N3VR78HJDU;
				INFOPLIST_FILE = "AppStore-Clone/Info.plist";
				IPHONEOS_DEPLOYMENT_TARGET = 13.0;
				LD_RUNPATH_SEARCH_PATHS = (
					"$(inherited)",
					"@executable_path/Frameworks",
				);
				PRODUCT_BUNDLE_IDENTIFIER = "com.mikhailudotov.AppStore-Clone";
				PRODUCT_NAME = "$(TARGET_NAME)";
				SWIFT_VERSION = 5.0;
				TARGETED_DEVICE_FAMILY = 1;
			};
			name = Debug;
		};
		7412DBB1266A659D005F426E /* Release */ = {
			isa = XCBuildConfiguration;
			buildSettings = {
				ASSETCATALOG_COMPILER_APPICON_NAME = AppIcon;
				ASSETCATALOG_COMPILER_GLOBAL_ACCENT_COLOR_NAME = AccentColor;
				CODE_SIGN_STYLE = Automatic;
				DEVELOPMENT_TEAM = N3VR78HJDU;
				INFOPLIST_FILE = "AppStore-Clone/Info.plist";
				IPHONEOS_DEPLOYMENT_TARGET = 13.0;
				LD_RUNPATH_SEARCH_PATHS = (
					"$(inherited)",
					"@executable_path/Frameworks",
				);
				PRODUCT_BUNDLE_IDENTIFIER = "com.mikhailudotov.AppStore-Clone";
				PRODUCT_NAME = "$(TARGET_NAME)";
				SWIFT_VERSION = 5.0;
				TARGETED_DEVICE_FAMILY = 1;
			};
			name = Release;
		};
/* End XCBuildConfiguration section */

/* Begin XCConfigurationList section */
		7412DB96266A659C005F426E /* Build configuration list for PBXProject "AppStore-Clone" */ = {
			isa = XCConfigurationList;
			buildConfigurations = (
				7412DBAD266A659D005F426E /* Debug */,
				7412DBAE266A659D005F426E /* Release */,
			);
			defaultConfigurationIsVisible = 0;
			defaultConfigurationName = Release;
		};
		7412DBAF266A659D005F426E /* Build configuration list for PBXNativeTarget "AppStore-Clone" */ = {
			isa = XCConfigurationList;
			buildConfigurations = (
				7412DBB0266A659D005F426E /* Debug */,
				7412DBB1266A659D005F426E /* Release */,
			);
			defaultConfigurationIsVisible = 0;
			defaultConfigurationName = Release;
		};
/* End XCConfigurationList section */
	};
	rootObject = 7412DB93266A659C005F426E /* Project object */;
}
